
Microsoft Visual Studio Solution File, Format Version 12.00
# Visual Studio Version 17
VisualStudioVersion = 17.4.33213.308
MinimumVisualStudioVersion = 10.0.40219.1
Project("{FAE04EC0-301F-11D3-BF4B-00C04F79EFBC}") = "Hopfield", "Hopfield\Hopfield.csproj", "{EC8EE9FA-DFDE-4B17-B0DB-2C500088E075}"
EndProject
Global
	GlobalSection(SolutionConfigurationPlatforms) = preSolution
		Debug|Any CPU = Debug|Any CPU
		Release|Any CPU = Release|Any CPU
	EndGlobalSection
	GlobalSection(ProjectConfigurationPlatforms) = postSolution
		{EC8EE9FA-DFDE-4B17-B0DB-2C500088E075}.Debug|Any CPU.ActiveCfg = Debug|Any CPU
		{EC8EE9FA-DFDE-4B17-B0DB-2C500088E075}.Debug|Any CPU.Build.0 = Debug|Any CPU
		{EC8EE9FA-DFDE-4B17-B0DB-2C500088E075}.Release|Any CPU.ActiveCfg = Release|Any CPU
		{EC8EE9FA-DFDE-4B17-B0DB-2C500088E075}.Release|Any CPU.Build.0 = Release|Any CPU
	EndGlobalSection
	GlobalSection(SolutionProperties) = preSolution
		HideSolutionNode = FALSE
	EndGlobalSection
	GlobalSection(ExtensibilityGlobals) = postSolution
		SolutionGuid = {F42AD670-29B7-4FC3-93E5-2960AB566760}
	EndGlobalSection
EndGlobal
